
Microsoft Visual Studio Solution File, Format Version 12.00
# Visual Studio 15
VisualStudioVersion = 15.0.26730.15
MinimumVisualStudioVersion = 10.0.40219.1
Project("{FAE04EC0-301F-11D3-BF4B-00C04F79EFBC}") = "immedia_imagesDomain", "immedia_imagesDomain\immedia_imagesDomain.csproj", "{5267EF1E-D4D2-464A-BA16-CFF906001C09}"
EndProject
Project("{FAE04EC0-301F-11D3-BF4B-00C04F79EFBC}") = "immedia_imagesWebAPI", "immedia_imagesWebAPI\immedia_imagesWebAPI.csproj", "{45660948-89E1-431A-BE54-4D4AE135CEC1}"
EndProject
Project("{FAE04EC0-301F-11D3-BF4B-00C04F79EFBC}") = "immedia_imagesWeb", "immedia_imagesWeb\immedia_imagesWeb.csproj", "{97B26110-8589-4EE8-AD3F-5033513AAD5E}"
EndProject
Global
	GlobalSection(SolutionConfigurationPlatforms) = preSolution
		Debug|Any CPU = Debug|Any CPU
		Release|Any CPU = Release|Any CPU
	EndGlobalSection
	GlobalSection(ProjectConfigurationPlatforms) = postSolution
		{5267EF1E-D4D2-464A-BA16-CFF906001C09}.Debug|Any CPU.ActiveCfg = Debug|Any CPU
		{5267EF1E-D4D2-464A-BA16-CFF906001C09}.Debug|Any CPU.Build.0 = Debug|Any CPU
		{5267EF1E-D4D2-464A-BA16-CFF906001C09}.Release|Any CPU.ActiveCfg = Release|Any CPU
		{5267EF1E-D4D2-464A-BA16-CFF906001C09}.Release|Any CPU.Build.0 = Release|Any CPU
		{45660948-89E1-431A-BE54-4D4AE135CEC1}.Debug|Any CPU.ActiveCfg = Debug|Any CPU
		{45660948-89E1-431A-BE54-4D4AE135CEC1}.Debug|Any CPU.Build.0 = Debug|Any CPU
		{45660948-89E1-431A-BE54-4D4AE135CEC1}.Release|Any CPU.ActiveCfg = Release|Any CPU
		{45660948-89E1-431A-BE54-4D4AE135CEC1}.Release|Any CPU.Build.0 = Release|Any CPU
		{97B26110-8589-4EE8-AD3F-5033513AAD5E}.Debug|Any CPU.ActiveCfg = Debug|Any CPU
		{97B26110-8589-4EE8-AD3F-5033513AAD5E}.Debug|Any CPU.Build.0 = Debug|Any CPU
		{97B26110-8589-4EE8-AD3F-5033513AAD5E}.Release|Any CPU.ActiveCfg = Release|Any CPU
		{97B26110-8589-4EE8-AD3F-5033513AAD5E}.Release|Any CPU.Build.0 = Release|Any CPU
	EndGlobalSection
	GlobalSection(SolutionProperties) = preSolution
		HideSolutionNode = FALSE
	EndGlobalSection
	GlobalSection(ExtensibilityGlobals) = postSolution
		SolutionGuid = {203C6234-5DF8-4798-BC23-68A122942AF3}
	EndGlobalSection
EndGlobal
